
Microsoft Visual Studio Solution File, Format Version 12.00
# Visual Studio Version 16
VisualStudioVersion = 16.0.30406.217
MinimumVisualStudioVersion = 10.0.40219.1
Project("{9A19103F-16F7-4668-BE54-9A1E7A4F7556}") = "Schedule.CronExpressionBuilder", "src\Schedule.CronExpressionBuilder.csproj", "{2E61C4A4-C2C2-4C66-BA6B-ACFAE1A7D30D}"
EndProject
Project("{9A19103F-16F7-4668-BE54-9A1E7A4F7556}") = "Schedule.CronExpressionBuilder.Test", "Schedule.CronExpressionBuilder.Test\Schedule.CronExpressionBuilder.Test.csproj", "{64F5CD57-3BC4-4D60-99E7-2BB3E86BFD76}"
EndProject
Global
	GlobalSection(SolutionConfigurationPlatforms) = preSolution
		Debug|Any CPU = Debug|Any CPU
		Release|Any CPU = Release|Any CPU
	EndGlobalSection
	GlobalSection(ProjectConfigurationPlatforms) = postSolution
		{2E61C4A4-C2C2-4C66-BA6B-ACFAE1A7D30D}.Debug|Any CPU.ActiveCfg = Debug|Any CPU
		{2E61C4A4-C2C2-4C66-BA6B-ACFAE1A7D30D}.Debug|Any CPU.Build.0 = Debug|Any CPU
		{2E61C4A4-C2C2-4C66-BA6B-ACFAE1A7D30D}.Release|Any CPU.ActiveCfg = Release|Any CPU
		{2E61C4A4-C2C2-4C66-BA6B-ACFAE1A7D30D}.Release|Any CPU.Build.0 = Release|Any CPU
		{64F5CD57-3BC4-4D60-99E7-2BB3E86BFD76}.Debug|Any CPU.ActiveCfg = Debug|Any CPU
		{64F5CD57-3BC4-4D60-99E7-2BB3E86BFD76}.Debug|Any CPU.Build.0 = Debug|Any CPU
		{64F5CD57-3BC4-4D60-99E7-2BB3E86BFD76}.Release|Any CPU.ActiveCfg = Release|Any CPU
		{64F5CD57-3BC4-4D60-99E7-2BB3E86BFD76}.Release|Any CPU.Build.0 = Release|Any CPU
	EndGlobalSection
	GlobalSection(SolutionProperties) = preSolution
		HideSolutionNode = FALSE
	EndGlobalSection
	GlobalSection(ExtensibilityGlobals) = postSolution
		SolutionGuid = {17A7901D-34DE-4FEE-AB69-0B4290659A02}
	EndGlobalSection
EndGlobal
